
Microsoft Visual Studio Solution File, Format Version 12.00
# Visual Studio Version 17
VisualStudioVersion = 17.14.36408.4 d17.14
MinimumVisualStudioVersion = 10.0.40219.1
Project("{FAE04EC0-301F-11D3-BF4B-00C04F79EFBC}") = "InventorySystem", "InventorySystem\InventorySystem.csproj", "{6F4ADA1D-FC75-4B01-BD66-163BD1B2BB85}"
EndProject
Global
	GlobalSection(SolutionConfigurationPlatforms) = preSolution
		Debug|Any CPU = Debug|Any CPU
		Release|Any CPU = Release|Any CPU
	EndGlobalSection
	GlobalSection(ProjectConfigurationPlatforms) = postSolution
		{6F4ADA1D-FC75-4B01-BD66-163BD1B2BB85}.Debug|Any CPU.ActiveCfg = Debug|Any CPU
		{6F4ADA1D-FC75-4B01-BD66-163BD1B2BB85}.Debug|Any CPU.Build.0 = Debug|Any CPU
		{6F4ADA1D-FC75-4B01-BD66-163BD1B2BB85}.Release|Any CPU.ActiveCfg = Release|Any CPU
		{6F4ADA1D-FC75-4B01-BD66-163BD1B2BB85}.Release|Any CPU.Build.0 = Release|Any CPU
	EndGlobalSection
	GlobalSection(SolutionProperties) = preSolution
		HideSolutionNode = FALSE
	EndGlobalSection
	GlobalSection(ExtensibilityGlobals) = postSolution
		SolutionGuid = {798E635B-87E3-40E8-884A-A2AD75616C55}
	EndGlobalSection
EndGlobal
